
Microsoft Visual Studio Solution File, Format Version 12.00
# Visual Studio Version 17
VisualStudioVersion = 17.9.34321.82
MinimumVisualStudioVersion = 10.0.40219.1
Project("{9A19103F-16F7-4668-BE54-9A1E7A4F7556}") = "Valleysoft.Nvd.Client", "Valleysoft.Nvd.Client\Valleysoft.Nvd.Client.csproj", "{3F40A117-C975-4E0E-B879-821033BE140F}"
EndProject
Project("{9A19103F-16F7-4668-BE54-9A1E7A4F7556}") = "Valleysoft.NvdExplorer", "Valleysoft.NvdExplorer\Valleysoft.NvdExplorer.csproj", "{BB07458C-B8FD-4F03-A97E-A8B25FB8CE7F}"
EndProject
Global
	GlobalSection(SolutionConfigurationPlatforms) = preSolution
		Debug|Any CPU = Debug|Any CPU
		Release|Any CPU = Release|Any CPU
	EndGlobalSection
	GlobalSection(ProjectConfigurationPlatforms) = postSolution
		{3F40A117-C975-4E0E-B879-821033BE140F}.Debug|Any CPU.ActiveCfg = Debug|Any CPU
		{3F40A117-C975-4E0E-B879-821033BE140F}.Debug|Any CPU.Build.0 = Debug|Any CPU
		{3F40A117-C975-4E0E-B879-821033BE140F}.Release|Any CPU.ActiveCfg = Release|Any CPU
		{3F40A117-C975-4E0E-B879-821033BE140F}.Release|Any CPU.Build.0 = Release|Any CPU
		{BB07458C-B8FD-4F03-A97E-A8B25FB8CE7F}.Debug|Any CPU.ActiveCfg = Debug|Any CPU
		{BB07458C-B8FD-4F03-A97E-A8B25FB8CE7F}.Debug|Any CPU.Build.0 = Debug|Any CPU
		{BB07458C-B8FD-4F03-A97E-A8B25FB8CE7F}.Release|Any CPU.ActiveCfg = Release|Any CPU
		{BB07458C-B8FD-4F03-A97E-A8B25FB8CE7F}.Release|Any CPU.Build.0 = Release|Any CPU
	EndGlobalSection
	GlobalSection(SolutionProperties) = preSolution
		HideSolutionNode = FALSE
	EndGlobalSection
	GlobalSection(ExtensibilityGlobals) = postSolution
		SolutionGuid = {A1028013-670B-48E5-8920-E90499A242F8}
	EndGlobalSection
EndGlobal
